
Microsoft Visual Studio Solution File, Format Version 12.00
# Visual Studio Version 16
VisualStudioVersion = 16.0.30717.126
MinimumVisualStudioVersion = 10.0.40219.1
Project("{2150E333-8FDC-42A3-9474-1A3956D46DE8}") = "Creational", "Creational", "{0653E03D-0A69-48BE-8CC7-BE2EECF8AE08}"
EndProject
Project("{FAE04EC0-301F-11D3-BF4B-00C04F79EFBC}") = "Singleton", "Singleton\Singleton.csproj", "{3DEEF67A-3A5B-4AD5-896C-001004FF89B7}"
EndProject
Project("{FAE04EC0-301F-11D3-BF4B-00C04F79EFBC}") = "FactoryMethod", "FactoryMethod\FactoryMethod.csproj", "{3F6A4612-BE0B-458A-B841-CD0C45314C2F}"
EndProject
Project("{FAE04EC0-301F-11D3-BF4B-00C04F79EFBC}") = "AbstractFactory", "AbstractFactory\AbstractFactory.csproj", "{74E86081-176B-4B3F-A469-ADC2875B9C03}"
EndProject
Project("{FAE04EC0-301F-11D3-BF4B-00C04F79EFBC}") = "Builder", "Builder\Builder.csproj", "{3D256B25-A45B-4126-83B6-B8C750385A94}"
EndProject
Project("{FAE04EC0-301F-11D3-BF4B-00C04F79EFBC}") = "Prototype", "Prototype\Prototype.csproj", "{058DD8D4-CA81-4B69-8922-BF942EBA0582}"
EndProject
Project("{2150E333-8FDC-42A3-9474-1A3956D46DE8}") = "Structural", "Structural", "{3FA17627-1ED0-4517-BD8A-3EBF25441387}"
EndProject
Project("{FAE04EC0-301F-11D3-BF4B-00C04F79EFBC}") = "Facade", "Facade\Facade.csproj", "{F4FD8054-C990-4317-8558-1A933601FECF}"
EndProject
Project("{FAE04EC0-301F-11D3-BF4B-00C04F79EFBC}") = "Adapter", "Adapter\Adapter.csproj", "{62E472E2-9EE6-4105-821A-FB351CD005AB}"
EndProject
Project("{FAE04EC0-301F-11D3-BF4B-00C04F79EFBC}") = "Proxy", "Proxy\Proxy.csproj", "{188D1888-E4F6-4311-851B-AA29285E1C63}"
EndProject
Project("{FAE04EC0-301F-11D3-BF4B-00C04F79EFBC}") = "Decorator", "Decorator\Decorator.csproj", "{1E21A3CF-8459-4F22-961E-59BB30AA165D}"
EndProject
Project("{FAE04EC0-301F-11D3-BF4B-00C04F79EFBC}") = "Bridge", "Bridge\Bridge.csproj", "{67DD7C89-B768-4AEC-BB53-B8DEA2C1E49F}"
EndProject
Project("{FAE04EC0-301F-11D3-BF4B-00C04F79EFBC}") = "Composite", "Composite\Composite.csproj", "{F1D9ECAA-6523-479A-8791-A5DA1703CFC5}"
EndProject
Project("{FAE04EC0-301F-11D3-BF4B-00C04F79EFBC}") = "Flyweight", "Flyweight\Flyweight.csproj", "{3D323F88-F96C-4AD8-AE48-A1020A267298}"
EndProject
Project("{2150E333-8FDC-42A3-9474-1A3956D46DE8}") = "Behavioral", "Behavioral", "{4A3EBD57-6D47-442B-8021-9294D53DC689}"
EndProject
Project("{FAE04EC0-301F-11D3-BF4B-00C04F79EFBC}") = "ChainOfResponsibility", "ChainOfResponsibility\ChainOfResponsibility.csproj", "{CD191FA2-BDD8-41B9-9CD3-36221CE53F6B}"
EndProject
Project("{FAE04EC0-301F-11D3-BF4B-00C04F79EFBC}") = "Strategy", "Strategy\Strategy.csproj", "{55E8AD93-23B5-41D0-AE1A-2E808B5D0316}"
EndProject
Project("{FAE04EC0-301F-11D3-BF4B-00C04F79EFBC}") = "TemplateMethod", "TemplateMethod\TemplateMethod.csproj", "{A4820007-8D32-49AC-9C82-52061DD63AC2}"
EndProject
Project("{FAE04EC0-301F-11D3-BF4B-00C04F79EFBC}") = "Iterator", "Iterator\Iterator.csproj", "{814FA003-FA24-4379-B8C5-BBFB39399F3C}"
EndProject
Project("{FAE04EC0-301F-11D3-BF4B-00C04F79EFBC}") = "Visitor", "Visitor\Visitor.csproj", "{67C51B58-DEAE-4C2A-95FF-B0F3F610B978}"
EndProject
Project("{FAE04EC0-301F-11D3-BF4B-00C04F79EFBC}") = "Mediator", "Mediator\Mediator.csproj", "{6E59A9F0-CD1F-4D05-BF13-62E5B53DF20D}"
EndProject
Project("{FAE04EC0-301F-11D3-BF4B-00C04F79EFBC}") = "Command", "Command\Command.csproj", "{6B840E2E-22A8-4493-89D3-657E5478B70A}"
EndProject
Project("{FAE04EC0-301F-11D3-BF4B-00C04F79EFBC}") = "Memento", "Memento\Memento.csproj", "{2268B528-9DA2-4879-88CD-641FA752E432}"
EndProject
Global
	GlobalSection(SolutionConfigurationPlatforms) = preSolution
		Debug|Any CPU = Debug|Any CPU
		Release|Any CPU = Release|Any CPU
	EndGlobalSection
	GlobalSection(ProjectConfigurationPlatforms) = postSolution
		{3DEEF67A-3A5B-4AD5-896C-001004FF89B7}.Debug|Any CPU.ActiveCfg = Debug|Any CPU
		{3DEEF67A-3A5B-4AD5-896C-001004FF89B7}.Debug|Any CPU.Build.0 = Debug|Any CPU
		{3DEEF67A-3A5B-4AD5-896C-001004FF89B7}.Release|Any CPU.ActiveCfg = Release|Any CPU
		{3DEEF67A-3A5B-4AD5-896C-001004FF89B7}.Release|Any CPU.Build.0 = Release|Any CPU
		{3F6A4612-BE0B-458A-B841-CD0C45314C2F}.Debug|Any CPU.ActiveCfg = Debug|Any CPU
		{3F6A4612-BE0B-458A-B841-CD0C45314C2F}.Debug|Any CPU.Build.0 = Debug|Any CPU
		{3F6A4612-BE0B-458A-B841-CD0C45314C2F}.Release|Any CPU.ActiveCfg = Release|Any CPU
		{3F6A4612-BE0B-458A-B841-CD0C45314C2F}.Release|Any CPU.Build.0 = Release|Any CPU
		{74E86081-176B-4B3F-A469-ADC2875B9C03}.Debug|Any CPU.ActiveCfg = Debug|Any CPU
		{74E86081-176B-4B3F-A469-ADC2875B9C03}.Debug|Any CPU.Build.0 = Debug|Any CPU
		{74E86081-176B-4B3F-A469-ADC2875B9C03}.Release|Any CPU.ActiveCfg = Release|Any CPU
		{74E86081-176B-4B3F-A469-ADC2875B9C03}.Release|Any CPU.Build.0 = Release|Any CPU
		{3D256B25-A45B-4126-83B6-B8C750385A94}.Debug|Any CPU.ActiveCfg = Debug|Any CPU
		{3D256B25-A45B-4126-83B6-B8C750385A94}.Debug|Any CPU.Build.0 = Debug|Any CPU
		{3D256B25-A45B-4126-83B6-B8C750385A94}.Release|Any CPU.ActiveCfg = Release|Any CPU
		{3D256B25-A45B-4126-83B6-B8C750385A94}.Release|Any CPU.Build.0 = Release|Any CPU
		{058DD8D4-CA81-4B69-8922-BF942EBA0582}.Debug|Any CPU.ActiveCfg = Debug|Any CPU
		{058DD8D4-CA81-4B69-8922-BF942EBA0582}.Debug|Any CPU.Build.0 = Debug|Any CPU
		{058DD8D4-CA81-4B69-8922-BF942EBA0582}.Release|Any CPU.ActiveCfg = Release|Any CPU
		{058DD8D4-CA81-4B69-8922-BF942EBA0582}.Release|Any CPU.Build.0 = Release|Any CPU
		{F4FD8054-C990-4317-8558-1A933601FECF}.Debug|Any CPU.ActiveCfg = Debug|Any CPU
		{F4FD8054-C990-4317-8558-1A933601FECF}.Debug|Any CPU.Build.0 = Debug|Any CPU
		{F4FD8054-C990-4317-8558-1A933601FECF}.Release|Any CPU.ActiveCfg = Release|Any CPU
		{F4FD8054-C990-4317-8558-1A933601FECF}.Release|Any CPU.Build.0 = Release|Any CPU
		{62E472E2-9EE6-4105-821A-FB351CD005AB}.Debug|Any CPU.ActiveCfg = Debug|Any CPU
		{62E472E2-9EE6-4105-821A-FB351CD005AB}.Debug|Any CPU.Build.0 = Debug|Any CPU
		{62E472E2-9EE6-4105-821A-FB351CD005AB}.Release|Any CPU.ActiveCfg = Release|Any CPU
		{62E472E2-9EE6-4105-821A-FB351CD005AB}.Release|Any CPU.Build.0 = Release|Any CPU
		{188D1888-E4F6-4311-851B-AA29285E1C63}.Debug|Any CPU.ActiveCfg = Debug|Any CPU
		{188D1888-E4F6-4311-851B-AA29285E1C63}.Debug|Any CPU.Build.0 = Debug|Any CPU
		{188D1888-E4F6-4311-851B-AA29285E1C63}.Release|Any CPU.ActiveCfg = Release|Any CPU
		{188D1888-E4F6-4311-851B-AA29285E1C63}.Release|Any CPU.Build.0 = Release|Any CPU
		{1E21A3CF-8459-4F22-961E-59BB30AA165D}.Debug|Any CPU.ActiveCfg = Debug|Any CPU
		{1E21A3CF-8459-4F22-961E-59BB30AA165D}.Debug|Any CPU.Build.0 = Debug|Any CPU
		{1E21A3CF-8459-4F22-961E-59BB30AA165D}.Release|Any CPU.ActiveCfg = Release|Any CPU
		{1E21A3CF-8459-4F22-961E-59BB30AA165D}.Release|Any CPU.Build.0 = Release|Any CPU
		{67DD7C89-B768-4AEC-BB53-B8DEA2C1E49F}.Debug|Any CPU.ActiveCfg = Debug|Any CPU
		{67DD7C89-B768-4AEC-BB53-B8DEA2C1E49F}.Debug|Any CPU.Build.0 = Debug|Any CPU
		{67DD7C89-B768-4AEC-BB53-B8DEA2C1E49F}.Release|Any CPU.ActiveCfg = Release|Any CPU
		{67DD7C89-B768-4AEC-BB53-B8DEA2C1E49F}.Release|Any CPU.Build.0 = Release|Any CPU
		{F1D9ECAA-6523-479A-8791-A5DA1703CFC5}.Debug|Any CPU.ActiveCfg = Debug|Any CPU
		{F1D9ECAA-6523-479A-8791-A5DA1703CFC5}.Debug|Any CPU.Build.0 = Debug|Any CPU
		{F1D9ECAA-6523-479A-8791-A5DA1703CFC5}.Release|Any CPU.ActiveCfg = Release|Any CPU
		{F1D9ECAA-6523-479A-8791-A5DA1703CFC5}.Release|Any CPU.Build.0 = Release|Any CPU
		{3D323F88-F96C-4AD8-AE48-A1020A267298}.Debug|Any CPU.ActiveCfg = Debug|Any CPU
		{3D323F88-F96C-4AD8-AE48-A1020A267298}.Debug|Any CPU.Build.0 = Debug|Any CPU
		{3D323F88-F96C-4AD8-AE48-A1020A267298}.Release|Any CPU.ActiveCfg = Release|Any CPU
		{3D323F88-F96C-4AD8-AE48-A1020A267298}.Release|Any CPU.Build.0 = Release|Any CPU
		{CD191FA2-BDD8-41B9-9CD3-36221CE53F6B}.Debug|Any CPU.ActiveCfg = Debug|Any CPU
		{CD191FA2-BDD8-41B9-9CD3-36221CE53F6B}.Debug|Any CPU.Build.0 = Debug|Any CPU
		{CD191FA2-BDD8-41B9-9CD3-36221CE53F6B}.Release|Any CPU.ActiveCfg = Release|Any CPU
		{CD191FA2-BDD8-41B9-9CD3-36221CE53F6B}.Release|Any CPU.Build.0 = Release|Any CPU
		{55E8AD93-23B5-41D0-AE1A-2E808B5D0316}.Debug|Any CPU.ActiveCfg = Debug|Any CPU
		{55E8AD93-23B5-41D0-AE1A-2E808B5D0316}.Debug|Any CPU.Build.0 = Debug|Any CPU
		{55E8AD93-23B5-41D0-AE1A-2E808B5D0316}.Release|Any CPU.ActiveCfg = Release|Any CPU
		{55E8AD93-23B5-41D0-AE1A-2E808B5D0316}.Release|Any CPU.Build.0 = Release|Any CPU
		{A4820007-8D32-49AC-9C82-52061DD63AC2}.Debug|Any CPU.ActiveCfg = Debug|Any CPU
		{A4820007-8D32-49AC-9C82-52061DD63AC2}.Debug|Any CPU.Build.0 = Debug|Any CPU
		{A4820007-8D32-49AC-9C82-52061DD63AC2}.Release|Any CPU.ActiveCfg = Release|Any CPU
		{A4820007-8D32-49AC-9C82-52061DD63AC2}.Release|Any CPU.Build.0 = Release|Any CPU
		{814FA003-FA24-4379-B8C5-BBFB39399F3C}.Debug|Any CPU.ActiveCfg = Debug|Any CPU
		{814FA003-FA24-4379-B8C5-BBFB39399F3C}.Debug|Any CPU.Build.0 = Debug|Any CPU
		{814FA003-FA24-4379-B8C5-BBFB39399F3C}.Release|Any CPU.ActiveCfg = Release|Any CPU
		{814FA003-FA24-4379-B8C5-BBFB39399F3C}.Release|Any CPU.Build.0 = Release|Any CPU
		{67C51B58-DEAE-4C2A-95FF-B0F3F610B978}.Debug|Any CPU.ActiveCfg = Debug|Any CPU
		{67C51B58-DEAE-4C2A-95FF-B0F3F610B978}.Debug|Any CPU.Build.0 = Debug|Any CPU
		{67C51B58-DEAE-4C2A-95FF-B0F3F610B978}.Release|Any CPU.ActiveCfg = Release|Any CPU
		{67C51B58-DEAE-4C2A-95FF-B0F3F610B978}.Release|Any CPU.Build.0 = Release|Any CPU
		{6E59A9F0-CD1F-4D05-BF13-62E5B53DF20D}.Debug|Any CPU.ActiveCfg = Debug|Any CPU
		{6E59A9F0-CD1F-4D05-BF13-62E5B53DF20D}.Debug|Any CPU.Build.0 = Debug|Any CPU
		{6E59A9F0-CD1F-4D05-BF13-62E5B53DF20D}.Release|Any CPU.ActiveCfg = Release|Any CPU
		{6E59A9F0-CD1F-4D05-BF13-62E5B53DF20D}.Release|Any CPU.Build.0 = Release|Any CPU
		{6B840E2E-22A8-4493-89D3-657E5478B70A}.Debug|Any CPU.ActiveCfg = Debug|Any CPU
		{6B840E2E-22A8-4493-89D3-657E5478B70A}.Debug|Any CPU.Build.0 = Debug|Any CPU
		{6B840E2E-22A8-4493-89D3-657E5478B70A}.Release|Any CPU.ActiveCfg = Release|Any CPU
		{6B840E2E-22A8-4493-89D3-657E5478B70A}.Release|Any CPU.Build.0 = Release|Any CPU
		{2268B528-9DA2-4879-88CD-641FA752E432}.Debug|Any CPU.ActiveCfg = Debug|Any CPU
		{2268B528-9DA2-4879-88CD-641FA752E432}.Debug|Any CPU.Build.0 = Debug|Any CPU
		{2268B528-9DA2-4879-88CD-641FA752E432}.Release|Any CPU.ActiveCfg = Release|Any CPU
		{2268B528-9DA2-4879-88CD-641FA752E432}.Release|Any CPU.Build.0 = Release|Any CPU
	EndGlobalSection
	GlobalSection(SolutionProperties) = preSolution
		HideSolutionNode = FALSE
	EndGlobalSection
	GlobalSection(NestedProjects) = preSolution
		{3DEEF67A-3A5B-4AD5-896C-001004FF89B7} = {0653E03D-0A69-48BE-8CC7-BE2EECF8AE08}
		{3F6A4612-BE0B-458A-B841-CD0C45314C2F} = {0653E03D-0A69-48BE-8CC7-BE2EECF8AE08}
		{74E86081-176B-4B3F-A469-ADC2875B9C03} = {0653E03D-0A69-48BE-8CC7-BE2EECF8AE08}
		{3D256B25-A45B-4126-83B6-B8C750385A94} = {0653E03D-0A69-48BE-8CC7-BE2EECF8AE08}
		{058DD8D4-CA81-4B69-8922-BF942EBA0582} = {0653E03D-0A69-48BE-8CC7-BE2EECF8AE08}
		{F4FD8054-C990-4317-8558-1A933601FECF} = {3FA17627-1ED0-4517-BD8A-3EBF25441387}
		{62E472E2-9EE6-4105-821A-FB351CD005AB} = {3FA17627-1ED0-4517-BD8A-3EBF25441387}
		{188D1888-E4F6-4311-851B-AA29285E1C63} = {3FA17627-1ED0-4517-BD8A-3EBF25441387}
		{1E21A3CF-8459-4F22-961E-59BB30AA165D} = {3FA17627-1ED0-4517-BD8A-3EBF25441387}
		{67DD7C89-B768-4AEC-BB53-B8DEA2C1E49F} = {3FA17627-1ED0-4517-BD8A-3EBF25441387}
		{F1D9ECAA-6523-479A-8791-A5DA1703CFC5} = {3FA17627-1ED0-4517-BD8A-3EBF25441387}
		{3D323F88-F96C-4AD8-AE48-A1020A267298} = {3FA17627-1ED0-4517-BD8A-3EBF25441387}
		{CD191FA2-BDD8-41B9-9CD3-36221CE53F6B} = {4A3EBD57-6D47-442B-8021-9294D53DC689}
		{55E8AD93-23B5-41D0-AE1A-2E808B5D0316} = {4A3EBD57-6D47-442B-8021-9294D53DC689}
		{A4820007-8D32-49AC-9C82-52061DD63AC2} = {4A3EBD57-6D47-442B-8021-9294D53DC689}
		{814FA003-FA24-4379-B8C5-BBFB39399F3C} = {4A3EBD57-6D47-442B-8021-9294D53DC689}
		{67C51B58-DEAE-4C2A-95FF-B0F3F610B978} = {4A3EBD57-6D47-442B-8021-9294D53DC689}
		{6E59A9F0-CD1F-4D05-BF13-62E5B53DF20D} = {4A3EBD57-6D47-442B-8021-9294D53DC689}
		{6B840E2E-22A8-4493-89D3-657E5478B70A} = {4A3EBD57-6D47-442B-8021-9294D53DC689}
		{2268B528-9DA2-4879-88CD-641FA752E432} = {4A3EBD57-6D47-442B-8021-9294D53DC689}
	EndGlobalSection
	GlobalSection(ExtensibilityGlobals) = postSolution
		SolutionGuid = {61ACA275-141E-4501-9B15-7D8DE9B630A9}
	EndGlobalSection
EndGlobal
